
Microsoft Visual Studio Solution File, Format Version 12.00
# Visual Studio Version 17
VisualStudioVersion = 17.10.34928.147
MinimumVisualStudioVersion = 10.0.40219.1
Project("{9A19103F-16F7-4668-BE54-9A1E7A4F7556}") = "SmartTaskManager", "SmartTaskManager.csproj", "{51AC5195-93D1-4274-AB59-7F91B5A2527F}"
EndProject
Project("{2150E333-8FDC-42A3-9474-1A3956D46DE8}") = "Solution Items", "Solution Items", "{784CB538-C896-46DA-A094-60B852705E88}"
	ProjectSection(SolutionItems) = preProject
		Dockerfile = Dockerfile
	EndProjectSection
EndProject
Global
	GlobalSection(SolutionConfigurationPlatforms) = preSolution
		Debug|Any CPU = Debug|Any CPU
		Release|Any CPU = Release|Any CPU
	EndGlobalSection
	GlobalSection(ProjectConfigurationPlatforms) = postSolution
		{51AC5195-93D1-4274-AB59-7F91B5A2527F}.Debug|Any CPU.ActiveCfg = Debug|Any CPU
		{51AC5195-93D1-4274-AB59-7F91B5A2527F}.Debug|Any CPU.Build.0 = Debug|Any CPU
		{51AC5195-93D1-4274-AB59-7F91B5A2527F}.Release|Any CPU.ActiveCfg = Release|Any CPU
		{51AC5195-93D1-4274-AB59-7F91B5A2527F}.Release|Any CPU.Build.0 = Release|Any CPU
	EndGlobalSection
	GlobalSection(SolutionProperties) = preSolution
		HideSolutionNode = FALSE
	EndGlobalSection
	GlobalSection(ExtensibilityGlobals) = postSolution
		SolutionGuid = {26E33215-4391-4483-A436-56BC24FEB5DC}
	EndGlobalSection
EndGlobal
